Microsoft Visual Studio Solution File, Format Version 12.00
# Visual Studio Version 17
VisualStudioVersion = 17.5.2.0
MinimumVisualStudioVersion = 10.0.40219.1
Project("{FAE04EC0-301F-11D3-BF4B-00C04F79EFBC}") = "FizzBuzzGame.Server", "FizzBuzzGame.Server.csproj", "{EAB8B57B-FE33-1BAE-61B5-4220BC4D3C5F}"
EndProject
Global
	GlobalSection(SolutionConfigurationPlatforms) = preSolution
		Debug|Any CPU = Debug|Any CPU
		Release|Any CPU = Release|Any CPU
	EndGlobalSection
	GlobalSection(ProjectConfigurationPlatforms) = postSolution
		{EAB8B57B-FE33-1BAE-61B5-4220BC4D3C5F}.Debug|Any CPU.ActiveCfg = Debug|Any CPU
		{EAB8B57B-FE33-1BAE-61B5-4220BC4D3C5F}.Debug|Any CPU.Build.0 = Debug|Any CPU
		{EAB8B57B-FE33-1BAE-61B5-4220BC4D3C5F}.Release|Any CPU.ActiveCfg = Release|Any CPU
		{EAB8B57B-FE33-1BAE-61B5-4220BC4D3C5F}.Release|Any CPU.Build.0 = Release|Any CPU
	EndGlobalSection
	GlobalSection(SolutionProperties) = preSolution
		HideSolutionNode = FALSE
	EndGlobalSection
	GlobalSection(ExtensibilityGlobals) = postSolution
		SolutionGuid = {CDAE6A64-A1CB-46F0-A05C-9EB5158B9BB8}
	EndGlobalSection
EndGlobal
